
Microsoft Visual Studio Solution File, Format Version 12.00
# Visual Studio Version 16
VisualStudioVersion = 16.0.32228.343
MinimumVisualStudioVersion = 10.0.40219.1
Project("{FAE04EC0-301F-11D3-BF4B-00C04F79EFBC}") = "HiringAppAPI", "HiringAppAPI\HiringAppAPI.csproj", "{C71CF859-6C3E-4E73-AAD9-1F01FB23F231}"
EndProject
Global
	GlobalSection(SolutionConfigurationPlatforms) = preSolution
		Debug|Any CPU = Debug|Any CPU
		Release|Any CPU = Release|Any CPU
	EndGlobalSection
	GlobalSection(ProjectConfigurationPlatforms) = postSolution
		{C71CF859-6C3E-4E73-AAD9-1F01FB23F231}.Debug|Any CPU.ActiveCfg = Debug|Any CPU
		{C71CF859-6C3E-4E73-AAD9-1F01FB23F231}.Debug|Any CPU.Build.0 = Debug|Any CPU
		{C71CF859-6C3E-4E73-AAD9-1F01FB23F231}.Release|Any CPU.ActiveCfg = Release|Any CPU
		{C71CF859-6C3E-4E73-AAD9-1F01FB23F231}.Release|Any CPU.Build.0 = Release|Any CPU
	EndGlobalSection
	GlobalSection(SolutionProperties) = preSolution
		HideSolutionNode = FALSE
	EndGlobalSection
	GlobalSection(ExtensibilityGlobals) = postSolution
		SolutionGuid = {A81B75C5-06B2-4881-9BA1-EC553C7DE199}
	EndGlobalSection
EndGlobal
